
Microsoft Visual Studio Solution File, Format Version 12.00
# Visual Studio Version 17
VisualStudioVersion = 17.0.31903.59
MinimumVisualStudioVersion = 10.0.40219.1
Project("{FAE04EC0-301F-11D3-BF4B-00C04F79EFBC}") = "TradeFlowGuardian.Api", "TradeFlowGuardian.Api\TradeFlowGuardian.Api.csproj", "{C308412A-84B4-485F-804B-B54BA20CF076}"
EndProject
Project("{FAE04EC0-301F-11D3-BF4B-00C04F79EFBC}") = "TradeFlowGuardian.Worker", "TradeFlowGuardian.Worker\TradeFlowGuardian.Worker.csproj", "{2FC77A4A-C976-4D83-80E6-CA02EF701EF8}"
EndProject
Project("{FAE04EC0-301F-11D3-BF4B-00C04F79EFBC}") = "TradeFlowGuardian.Core", "TradeFlowGuardian.Core\TradeFlowGuardian.Core.csproj", "{02E60D4B-3DF3-4BFF-BD36-173547B9BF53}"
EndProject
Project("{FAE04EC0-301F-11D3-BF4B-00C04F79EFBC}") = "TradeFlowGuardian.Infrastructure", "TradeFlowGuardian.Infrastructure\TradeFlowGuardian.Infrastructure.csproj", "{51E8223E-C485-45B7-AC78-3CC743D7E29A}"
EndProject
Project("{FAE04EC0-301F-11D3-BF4B-00C04F79EFBC}") = "TradeFlowGuardian.Tests", "TradeFlowGuardian.Tests\TradeFlowGuardian.Tests.csproj", "{ED8F0552-E8AE-45B7-A30B-F40985BE42C3}"
EndProject
Project("{FAE04EC0-301F-11D3-BF4B-00C04F79EFBC}") = "TradeFlowGuardian.Backtesting", "TradeFlowGuardian.Backtesting\TradeFlowGuardian.Backtesting.csproj", "{579A9285-2E57-4610-A397-2FFA602C2F7F}"
EndProject
Project("{FAE04EC0-301F-11D3-BF4B-00C04F79EFBC}") = "TradeFlowGuardian.Strategies", "TradeFlowGuardian.Strategies\TradeFlowGuardian.Strategies.csproj", "{65B8E29A-9D22-4FAF-91B4-578A2309FDCF}"
EndProject
Project("{FAE04EC0-301F-11D3-BF4B-00C04F79EFBC}") = "TradeFlowGuardian.Domain", "TradeFlowGuardian.Domain\TradeFlowGuardian.Domain.csproj", "{35248A96-7FE9-47CF-9FC2-EB1B0CEA70C7}"
EndProject
Global
	GlobalSection(SolutionConfigurationPlatforms) = preSolution
		Debug|Any CPU = Debug|Any CPU
		Debug|x64 = Debug|x64
		Debug|x86 = Debug|x86
		Release|Any CPU = Release|Any CPU
		Release|x64 = Release|x64
		Release|x86 = Release|x86
	EndGlobalSection
	GlobalSection(ProjectConfigurationPlatforms) = postSolution
		{C308412A-84B4-485F-804B-B54BA20CF076}.Debug|Any CPU.ActiveCfg = Debug|Any CPU
		{C308412A-84B4-485F-804B-B54BA20CF076}.Debug|Any CPU.Build.0 = Debug|Any CPU
		{C308412A-84B4-485F-804B-B54BA20CF076}.Debug|x64.ActiveCfg = Debug|Any CPU
		{C308412A-84B4-485F-804B-B54BA20CF076}.Debug|x64.Build.0 = Debug|Any CPU
		{C308412A-84B4-485F-804B-B54BA20CF076}.Debug|x86.ActiveCfg = Debug|Any CPU
		{C308412A-84B4-485F-804B-B54BA20CF076}.Debug|x86.Build.0 = Debug|Any CPU
		{C308412A-84B4-485F-804B-B54BA20CF076}.Release|Any CPU.ActiveCfg = Release|Any CPU
		{C308412A-84B4-485F-804B-B54BA20CF076}.Release|Any CPU.Build.0 = Release|Any CPU
		{C308412A-84B4-485F-804B-B54BA20CF076}.Release|x64.ActiveCfg = Release|Any CPU
		{C308412A-84B4-485F-804B-B54BA20CF076}.Release|x64.Build.0 = Release|Any CPU
		{C308412A-84B4-485F-804B-B54BA20CF076}.Release|x86.ActiveCfg = Release|Any CPU
		{C308412A-84B4-485F-804B-B54BA20CF076}.Release|x86.Build.0 = Release|Any CPU
		{2FC77A4A-C976-4D83-80E6-CA02EF701EF8}.Debug|Any CPU.ActiveCfg = Debug|Any CPU
		{2FC77A4A-C976-4D83-80E6-CA02EF701EF8}.Debug|Any CPU.Build.0 = Debug|Any CPU
		{2FC77A4A-C976-4D83-80E6-CA02EF701EF8}.Debug|x64.ActiveCfg = Debug|Any CPU
		{2FC77A4A-C976-4D83-80E6-CA02EF701EF8}.Debug|x64.Build.0 = Debug|Any CPU
		{2FC77A4A-C976-4D83-80E6-CA02EF701EF8}.Debug|x86.ActiveCfg = Debug|Any CPU
		{2FC77A4A-C976-4D83-80E6-CA02EF701EF8}.Debug|x86.Build.0 = Debug|Any CPU
		{2FC77A4A-C976-4D83-80E6-CA02EF701EF8}.Release|Any CPU.ActiveCfg = Release|Any CPU
		{2FC77A4A-C976-4D83-80E6-CA02EF701EF8}.Release|Any CPU.Build.0 = Release|Any CPU
		{2FC77A4A-C976-4D83-80E6-CA02EF701EF8}.Release|x64.ActiveCfg = Release|Any CPU
		{2FC77A4A-C976-4D83-80E6-CA02EF701EF8}.Release|x64.Build.0 = Release|Any CPU
		{2FC77A4A-C976-4D83-80E6-CA02EF701EF8}.Release|x86.ActiveCfg = Release|Any CPU
		{2FC77A4A-C976-4D83-80E6-CA02EF701EF8}.Release|x86.Build.0 = Release|Any CPU
		{02E60D4B-3DF3-4BFF-BD36-173547B9BF53}.Debug|Any CPU.ActiveCfg = Debug|Any CPU
		{02E60D4B-3DF3-4BFF-BD36-173547B9BF53}.Debug|Any CPU.Build.0 = Debug|Any CPU
		{02E60D4B-3DF3-4BFF-BD36-173547B9BF53}.Debug|x64.ActiveCfg = Debug|Any CPU
		{02E60D4B-3DF3-4BFF-BD36-173547B9BF53}.Debug|x64.Build.0 = Debug|Any CPU
		{02E60D4B-3DF3-4BFF-BD36-173547B9BF53}.Debug|x86.ActiveCfg = Debug|Any CPU
		{02E60D4B-3DF3-4BFF-BD36-173547B9BF53}.Debug|x86.Build.0 = Debug|Any CPU
		{02E60D4B-3DF3-4BFF-BD36-173547B9BF53}.Release|Any CPU.ActiveCfg = Release|Any CPU
		{02E60D4B-3DF3-4BFF-BD36-173547B9BF53}.Release|Any CPU.Build.0 = Release|Any CPU
		{02E60D4B-3DF3-4BFF-BD36-173547B9BF53}.Release|x64.ActiveCfg = Release|Any CPU
		{02E60D4B-3DF3-4BFF-BD36-173547B9BF53}.Release|x64.Build.0 = Release|Any CPU
		{02E60D4B-3DF3-4BFF-BD36-173547B9BF53}.Release|x86.ActiveCfg = Release|Any CPU
		{02E60D4B-3DF3-4BFF-BD36-173547B9BF53}.Release|x86.Build.0 = Release|Any CPU
		{51E8223E-C485-45B7-AC78-3CC743D7E29A}.Debug|Any CPU.ActiveCfg = Debug|Any CPU
		{51E8223E-C485-45B7-AC78-3CC743D7E29A}.Debug|Any CPU.Build.0 = Debug|Any CPU
		{51E8223E-C485-45B7-AC78-3CC743D7E29A}.Debug|x64.ActiveCfg = Debug|Any CPU
		{51E8223E-C485-45B7-AC78-3CC743D7E29A}.Debug|x64.Build.0 = Debug|Any CPU
		{51E8223E-C485-45B7-AC78-3CC743D7E29A}.Debug|x86.ActiveCfg = Debug|Any CPU
		{51E8223E-C485-45B7-AC78-3CC743D7E29A}.Debug|x86.Build.0 = Debug|Any CPU
		{51E8223E-C485-45B7-AC78-3CC743D7E29A}.Release|Any CPU.ActiveCfg = Release|Any CPU
		{51E8223E-C485-45B7-AC78-3CC743D7E29A}.Release|Any CPU.Build.0 = Release|Any CPU
		{51E8223E-C485-45B7-AC78-3CC743D7E29A}.Release|x64.ActiveCfg = Release|Any CPU
		{51E8223E-C485-45B7-AC78-3CC743D7E29A}.Release|x64.Build.0 = Release|Any CPU
		{51E8223E-C485-45B7-AC78-3CC743D7E29A}.Release|x86.ActiveCfg = Release|Any CPU
		{51E8223E-C485-45B7-AC78-3CC743D7E29A}.Release|x86.Build.0 = Release|Any CPU
		{ED8F0552-E8AE-45B7-A30B-F40985BE42C3}.Debug|Any CPU.ActiveCfg = Debug|Any CPU
		{ED8F0552-E8AE-45B7-A30B-F40985BE42C3}.Debug|Any CPU.Build.0 = Debug|Any CPU
		{ED8F0552-E8AE-45B7-A30B-F40985BE42C3}.Debug|x64.ActiveCfg = Debug|Any CPU
		{ED8F0552-E8AE-45B7-A30B-F40985BE42C3}.Debug|x64.Build.0 = Debug|Any CPU
		{ED8F0552-E8AE-45B7-A30B-F40985BE42C3}.Debug|x86.ActiveCfg = Debug|Any CPU
		{ED8F0552-E8AE-45B7-A30B-F40985BE42C3}.Debug|x86.Build.0 = Debug|Any CPU
		{ED8F0552-E8AE-45B7-A30B-F40985BE42C3}.Release|Any CPU.ActiveCfg = Release|Any CPU
		{ED8F0552-E8AE-45B7-A30B-F40985BE42C3}.Release|Any CPU.Build.0 = Release|Any CPU
		{ED8F0552-E8AE-45B7-A30B-F40985BE42C3}.Release|x64.ActiveCfg = Release|Any CPU
		{ED8F0552-E8AE-45B7-A30B-F40985BE42C3}.Release|x64.Build.0 = Release|Any CPU
		{ED8F0552-E8AE-45B7-A30B-F40985BE42C3}.Release|x86.ActiveCfg = Release|Any CPU
		{ED8F0552-E8AE-45B7-A30B-F40985BE42C3}.Release|x86.Build.0 = Release|Any CPU
		{579A9285-2E57-4610-A397-2FFA602C2F7F}.Debug|Any CPU.ActiveCfg = Debug|Any CPU
		{579A9285-2E57-4610-A397-2FFA602C2F7F}.Debug|Any CPU.Build.0 = Debug|Any CPU
		{579A9285-2E57-4610-A397-2FFA602C2F7F}.Debug|x64.ActiveCfg = Debug|Any CPU
		{579A9285-2E57-4610-A397-2FFA602C2F7F}.Debug|x64.Build.0 = Debug|Any CPU
		{579A9285-2E57-4610-A397-2FFA602C2F7F}.Debug|x86.ActiveCfg = Debug|Any CPU
		{579A9285-2E57-4610-A397-2FFA602C2F7F}.Debug|x86.Build.0 = Debug|Any CPU
		{579A9285-2E57-4610-A397-2FFA602C2F7F}.Release|Any CPU.ActiveCfg = Release|Any CPU
		{579A9285-2E57-4610-A397-2FFA602C2F7F}.Release|Any CPU.Build.0 = Release|Any CPU
		{579A9285-2E57-4610-A397-2FFA602C2F7F}.Release|x64.ActiveCfg = Release|Any CPU
		{579A9285-2E57-4610-A397-2FFA602C2F7F}.Release|x64.Build.0 = Release|Any CPU
		{579A9285-2E57-4610-A397-2FFA602C2F7F}.Release|x86.ActiveCfg = Release|Any CPU
		{579A9285-2E57-4610-A397-2FFA602C2F7F}.Release|x86.Build.0 = Release|Any CPU
		{65B8E29A-9D22-4FAF-91B4-578A2309FDCF}.Debug|Any CPU.ActiveCfg = Debug|Any CPU
		{65B8E29A-9D22-4FAF-91B4-578A2309FDCF}.Debug|Any CPU.Build.0 = Debug|Any CPU
		{65B8E29A-9D22-4FAF-91B4-578A2309FDCF}.Debug|x64.ActiveCfg = Debug|Any CPU
		{65B8E29A-9D22-4FAF-91B4-578A2309FDCF}.Debug|x64.Build.0 = Debug|Any CPU
		{65B8E29A-9D22-4FAF-91B4-578A2309FDCF}.Debug|x86.ActiveCfg = Debug|Any CPU
		{65B8E29A-9D22-4FAF-91B4-578A2309FDCF}.Debug|x86.Build.0 = Debug|Any CPU
		{65B8E29A-9D22-4FAF-91B4-578A2309FDCF}.Release|Any CPU.ActiveCfg = Release|Any CPU
		{65B8E29A-9D22-4FAF-91B4-578A2309FDCF}.Release|Any CPU.Build.0 = Release|Any CPU
		{65B8E29A-9D22-4FAF-91B4-578A2309FDCF}.Release|x64.ActiveCfg = Release|Any CPU
		{65B8E29A-9D22-4FAF-91B4-578A2309FDCF}.Release|x64.Build.0 = Release|Any CPU
		{65B8E29A-9D22-4FAF-91B4-578A2309FDCF}.Release|x86.ActiveCfg = Release|Any CPU
		{65B8E29A-9D22-4FAF-91B4-578A2309FDCF}.Release|x86.Build.0 = Release|Any CPU
		{35248A96-7FE9-47CF-9FC2-EB1B0CEA70C7}.Debug|Any CPU.ActiveCfg = Debug|Any CPU
		{35248A96-7FE9-47CF-9FC2-EB1B0CEA70C7}.Debug|Any CPU.Build.0 = Debug|Any CPU
		{35248A96-7FE9-47CF-9FC2-EB1B0CEA70C7}.Debug|x64.ActiveCfg = Debug|Any CPU
		{35248A96-7FE9-47CF-9FC2-EB1B0CEA70C7}.Debug|x64.Build.0 = Debug|Any CPU
		{35248A96-7FE9-47CF-9FC2-EB1B0CEA70C7}.Debug|x86.ActiveCfg = Debug|Any CPU
		{35248A96-7FE9-47CF-9FC2-EB1B0CEA70C7}.Debug|x86.Build.0 = Debug|Any CPU
		{35248A96-7FE9-47CF-9FC2-EB1B0CEA70C7}.Release|Any CPU.ActiveCfg = Release|Any CPU
		{35248A96-7FE9-47CF-9FC2-EB1B0CEA70C7}.Release|Any CPU.Build.0 = Release|Any CPU
		{35248A96-7FE9-47CF-9FC2-EB1B0CEA70C7}.Release|x64.ActiveCfg = Release|Any CPU
		{35248A96-7FE9-47CF-9FC2-EB1B0CEA70C7}.Release|x64.Build.0 = Release|Any CPU
		{35248A96-7FE9-47CF-9FC2-EB1B0CEA70C7}.Release|x86.ActiveCfg = Release|Any CPU
		{35248A96-7FE9-47CF-9FC2-EB1B0CEA70C7}.Release|x86.Build.0 = Release|Any CPU
	EndGlobalSection
	GlobalSection(SolutionProperties) = preSolution
		HideSolutionNode = FALSE
	EndGlobalSection
EndGlobal
